{
  "name": "@troubastack/ink",
  "version": "0.0.0",
  "lockfileVersion": 3,
  "requires": true,
  "packages": {
    "": {
      "name": "@troubastack/ink",
      "version": "0.0.0",
      "dependencies": {
        "perfect-freehand": "^1.2.2"
      },
      "engines": {
        "node": ">=24"
      }
    },
    "node_modules/perfect-freehand": {
      "version": "1.2.3",
      "resolved": "https://registry.npmjs.org/perfect-freehand/-/perfect-freehand-1.2.3.tgz",
      "integrity": "sha512-bHZSfqDHGNlPpgH2yxXgPHlQSPpEbo+qg7li0M78J9vNAi2yjwLeA4x79BEQhX44lEWpCLSFCeRZwpw0niiXPA==",
      "license": "MIT"
    }
  }
}
